PODS:
  - PanModal (1.2.5)
  - WHSearch (0.5.1):
    - WHUI (~> 0.5.1)
  - WHUI (0.5.1):
    - PanModal

DEPENDENCIES:
  - WHSearch (from `../`)
  - WHUI (~> 0.5.1)

SPEC REPOS:
  https://github.com/CocoaPods/Specs.git:
    - PanModal
  https://github.com/remember17/WHPodSpec.git:
    - WHUI

EXTERNAL SOURCES:
  WHSearch:
    :path: "../"

SPEC CHECKSUMS:
  PanModal: 7c5af3ad4fe22b91508040965bebffb89fb607ae
  WHSearch: 0f8b4a1a5444acb15ca852cd8380e8ff4571eda4
  WHUI: 178cc8eb222a119139947d05a52df16d0a96ef2f

PODFILE CHECKSUM: 4e6d355e9b6372d28252f5880fe29363bc07f7f2

COCOAPODS: 1.8.4
